<?xml version="1.0" encoding="utf-8"?>
<Project ToolsVersion="4.0" xmlns="http://schemas.microsoft.com/developer/msbuild/2003">
  <ItemGroup>
    <ClCompile Include="game.cpp" />
    <ClCompile Include="main.cpp" />
    <ClCompile Include="kernel\colider.cpp" />
  </ItemGroup>
  <ItemGroup>
    <ClInclude Include="drawer.h" />
    <ClInclude Include="kernel\ball.h">
      <Filter>kernel</Filter>
    </ClInclude>
    <ClInclude Include="kernel\brick.h">
      <Filter>kernel</Filter>
    </ClInclude>
    <ClInclude Include="kernel\colider.h">
      <Filter>kernel</Filter>
    </ClInclude>
    <ClInclude Include="kernel\game_field.h">
      <Filter>kernel</Filter>
    </ClInclude>
    <ClInclude Include="kernel\game_kernel.h">
      <Filter>kernel</Filter>
    </ClInclude>
    <ClInclude Include="kernel\game_object.h">
      <Filter>kernel</Filter>
    </ClInclude>
    <ClInclude Include="kernel\movable_object.h">
      <Filter>kernel</Filter>
    </ClInclude>
    <ClInclude Include="kernel\racket.h">
      <Filter>kernel</Filter>
    </ClInclude>
    <ClInclude Include="kernel\vec2d.h">
      <Filter>kernel</Filter>
    </ClInclude>
    <ClInclude Include="game.h" />
    <ClInclude Include="kernel\rectangle.h">
      <Filter>kernel</Filter>
    </ClInclude>
    <ClInclude Include="kernel\constants.h">
      <Filter>kernel</Filter>
    </ClInclude>
  </ItemGroup>
  <ItemGroup>
    <Filter Include="kernel">
      <UniqueIdentifier>{40d37eb8-8e10-474a-a93e-902865f0d838}</UniqueIdentifier>
    </Filter>
  </ItemGroup>
</Project>